{
  "name": "vanjs-web-terminal",
  "version": "0.1.0",
  "lockfileVersion": 3,
  "requires": true,
  "packages": {
    "": {
      "name": "vanjs-web-terminal",
      "version": "0.1.0",
      "devDependencies": {
        "deno-bin": "^1.36.0",
        "vanjs-core": "^1.2.7"
      }
    },
    "node_modules/adm-zip": {
      "version": "0.5.10",
      "resolved": "https://registry.npmjs.org/adm-zip/-/adm-zip-0.5.10.tgz",
      "integrity": "sha512-x0HvcHqVJNTPk/Bw8JbLWlWoo6Wwnsug0fnYYro1HBrjxZ3G7/AZk7Ahv8JwDe1uIcz8eBqvu86FuF1POiG7vQ==",
      "dev": true,
      "engines": {
        "node": ">=6.0"
      }
    },
    "node_modules/deno-bin": {
      "version": "1.36.0",
      "resolved": "https://registry.npmjs.org/deno-bin/-/deno-bin-1.36.0.tgz",
      "integrity": "sha512-gJlrpILuliLlBTxM1Fo/304KI2lU/Nr/g0KZw6T7xhfG01BKTwUA+1amTg/m+8/4y2QnKwQC5tdHSuA9UllJJw==",
      "dev": true,
      "hasInstallScript": true,
      "dependencies": {
        "adm-zip": "^0.5.4",
        "follow-redirects": "^1.10.0"
      },
      "bin": {
        "deno": "bin/deno.js",
        "deno-bin": "bin/deno.js"
      }
    },
    "node_modules/follow-redirects": {
      "version": "1.15.2",
      "resolved": "https://registry.npmjs.org/follow-redirects/-/follow-redirects-1.15.2.tgz",
      "integrity": "sha512-VQLG33o04KaQ8uYi2tVNbdrWp1QWxNNea+nmIB4EVM28v0hmP17z7aG1+wAkNzVq4KeXTq3221ye5qTJP91JwA==",
      "dev": true,
      "funding": [
        {
          "type": "individual",
          "url": "https://github.com/sponsors/RubenVerborgh"
        }
      ],
      "engines": {
        "node": ">=4.0"
      },
      "peerDependenciesMeta": {
        "debug": {
          "optional": true
        }
      }
    },
    "node_modules/vanjs-core": {
      "version": "1.2.7",
      "resolved": "https://registry.npmjs.org/vanjs-core/-/vanjs-core-1.2.7.tgz",
      "integrity": "sha512-NXZg+kf4OmhTTuTnBiCT6uRqeJiKmKSZLWxvGFmBl8Ho648J+GJZJAHB4cu40rcwJDJEH3Xwe8JjquMpa9zxEQ==",
      "dev": true
    }
  }
}
