{
  "name": "vanjs-web-terminal",
  "version": "0.1.0",
  "lockfileVersion": 3,
  "requires": true,
  "packages": {
    "": {
      "name": "vanjs-web-terminal",
      "version": "0.1.0",
      "devDependencies": {
        "deno-bin": "^1.43.1",
        "vanjs-core": "^1.5.0"
      }
    },
    "node_modules/adm-zip": {
      "version": "0.5.10",
      "resolved": "https://registry.npmjs.org/adm-zip/-/adm-zip-0.5.10.tgz",
      "integrity": "sha512-x0HvcHqVJNTPk/Bw8JbLWlWoo6Wwnsug0fnYYro1HBrjxZ3G7/AZk7Ahv8JwDe1uIcz8eBqvu86FuF1POiG7vQ==",
      "dev": true,
      "engines": {
        "node": ">=6.0"
      }
    },
    "node_modules/deno-bin": {
      "version": "1.43.1",
      "resolved": "https://registry.npmjs.org/deno-bin/-/deno-bin-1.43.1.tgz",
      "integrity": "sha512-t9fnF9Q4p9wglc7NSPXjb53CZ0KKwFsZcl2thaJ+B1mXPLmdWve3o6Q5ZDRQ3v5AQiKkZJePPsZ9i71Qa+kfAQ==",
      "dev": true,
      "hasInstallScript": true,
      "dependencies": {
        "adm-zip": "^0.5.4"
      },
      "bin": {
        "deno": "bin/deno.js",
        "deno-bin": "bin/deno.js"
      }
    },
    "node_modules/vanjs-core": {
      "version": "1.5.0",
      "resolved": "https://registry.npmjs.org/vanjs-core/-/vanjs-core-1.5.0.tgz",
      "integrity": "sha512-kOM9XVOciL9Q3Ihn3ruycTL5NCvuR5Ub7wwQIU9sZJdMBWSxesbeyN3+PWceLz57ImgHTF0eOVvhkoKJLlE3hw==",
      "dev": true
    }
  }
}
