{
  "name": "vanjs-bun-example-hydration",
  "version": "0.1.0",
  "lockfileVersion": 3,
  "requires": true,
  "packages": {
    "": {
      "name": "vanjs-bun-example-hydration",
      "version": "0.1.0",
      "dependencies": {
        "mini-van-plate": "^0.6.1",
        "vanjs-core": "^1.5.3"
      },
      "devDependencies": {
        "@types/bun": "^1.1.6",
        "bun": "^1.0.0"
      }
    },
    "node_modules/@oven/bun-darwin-aarch64": {
      "version": "1.1.42",
      "resolved": "https://registry.npmjs.org/@oven/bun-darwin-aarch64/-/bun-darwin-aarch64-1.1.42.tgz",
      "integrity": "sha512-7kQkTVr99ndcU72xlIzA2QLavvT/DnEhvwTAq7LKi9/P3GtSAkhoA6UWZUa7pYw7OYHpUrEGXlV+PR3LllkGnw==",
      "cpu": [
        "arm64"
      ],
      "dev": true,
      "optional": true,
      "os": [
        "darwin"
      ]
    },
    "node_modules/@oven/bun-darwin-x64": {
      "version": "1.1.42",
      "resolved": "https://registry.npmjs.org/@oven/bun-darwin-x64/-/bun-darwin-x64-1.1.42.tgz",
      "integrity": "sha512-2IPJnLvwLlD8YaXPbWwlpw2UvVrZE6/0uRbcSJNzZQAAZjEfN8AodqNRhggptn0A9vDmAw6q1U07QbiE4ilofw==",
      "cpu": [
        "x64"
      ],
      "dev": true,
      "optional": true,
      "os": [
        "darwin"
      ]
    },
    "node_modules/@oven/bun-darwin-x64-baseline": {
      "version": "1.1.42",
      "resolved": "https://registry.npmjs.org/@oven/bun-darwin-x64-baseline/-/bun-darwin-x64-baseline-1.1.42.tgz",
      "integrity": "sha512-26mtzVRLp/x89s27fXExG1vCCBOOFHLdqVYg/lHZMdDNHSh7Q7UiUhDRa+aVBlbsaGfw1LzoXdhh7Zy2hlF/6w==",
      "cpu": [
        "x64"
      ],
      "dev": true,
      "optional": true,
      "os": [
        "darwin"
      ]
    },
    "node_modules/@oven/bun-linux-aarch64": {
      "version": "1.1.42",
      "resolved": "https://registry.npmjs.org/@oven/bun-linux-aarch64/-/bun-linux-aarch64-1.1.42.tgz",
      "integrity": "sha512-qkoqI+oMcQ8GUej71qkAVj/VLlVpoBRyiYBQYq4yWsy+FU2jr2KWTeNZWrsY2crDiZj38AMNXJiKBr/EMy4MRg==",
      "cpu": [
        "arm64"
      ],
      "dev": true,
      "optional": true,
      "os": [
        "linux"
      ]
    },
    "node_modules/@oven/bun-linux-aarch64-musl": {
      "version": "1.1.42",
      "resolved": "https://registry.npmjs.org/@oven/bun-linux-aarch64-musl/-/bun-linux-aarch64-musl-1.1.42.tgz",
      "integrity": "sha512-PwbNLoirazjTYTSydn2AnId0jBJexZ99cwftOfdzIGCF5anEWvNEZ8PL4o79jHIhE0t01qGc8br9fQbiQ+iArw==",
      "cpu": [
        "aarch64"
      ],
      "dev": true,
      "optional": true,
      "os": [
        "linux"
      ]
    },
    "node_modules/@oven/bun-linux-x64": {
      "version": "1.1.42",
      "resolved": "https://registry.npmjs.org/@oven/bun-linux-x64/-/bun-linux-x64-1.1.42.tgz",
      "integrity": "sha512-rV8Eqnvo/1z0nwYSiLrbl0F4G8uFQxlGA4P0zggW9W4PSiSHSRhG1aazG/8esBLzJI9CdFNncrtmiRTmWl1mIg==",
      "cpu": [
        "x64"
      ],
      "dev": true,
      "optional": true,
      "os": [
        "linux"
      ]
    },
    "node_modules/@oven/bun-linux-x64-baseline": {
      "version": "1.1.42",
      "resolved": "https://registry.npmjs.org/@oven/bun-linux-x64-baseline/-/bun-linux-x64-baseline-1.1.42.tgz",
      "integrity": "sha512-UzRNXgHEARFECgz30eot23OnPzd0J2L5SEsGhnGRhfJ706kjz0XmuGMnb9nmnoyHBcd2iSjk4nci1BlGmu4wCA==",
      "cpu": [
        "x64"
      ],
      "dev": true,
      "optional": true,
      "os": [
        "linux"
      ]
    },
    "node_modules/@oven/bun-linux-x64-musl": {
      "version": "1.1.42",
      "resolved": "https://registry.npmjs.org/@oven/bun-linux-x64-musl/-/bun-linux-x64-musl-1.1.42.tgz",
      "integrity": "sha512-Djye8lPlhVNXdGbMF4bShVop8qvqPhPuPrhxEHfYJ8qhudSs2MiOWR5stvBWe8KLKahqDAWfWXuxByAXVhqb2Q==",
      "cpu": [
        "x64"
      ],
      "dev": true,
      "optional": true,
      "os": [
        "linux"
      ]
    },
    "node_modules/@oven/bun-linux-x64-musl-baseline": {
      "version": "1.1.42",
      "resolved": "https://registry.npmjs.org/@oven/bun-linux-x64-musl-baseline/-/bun-linux-x64-musl-baseline-1.1.42.tgz",
      "integrity": "sha512-zgeiYJRGO3K4uK6Qdj1B5ZbU9NJxLwF9YGDFu9MtqEplyGNq7SpeuamvcP6SlZGgrVnc3AWrHFEYrVlv5Lqt+w==",
      "cpu": [
        "x64"
      ],
      "dev": true,
      "optional": true,
      "os": [
        "linux"
      ]
    },
    "node_modules/@oven/bun-windows-x64": {
      "version": "1.1.42",
      "resolved": "https://registry.npmjs.org/@oven/bun-windows-x64/-/bun-windows-x64-1.1.42.tgz",
      "integrity": "sha512-6eyHs6fVRCy0ujltYTwSX3bug+PqlgZRBv8x0PPekviaCJWYrFKVpHodA2972+Mih2pATurBSX2sLVq5uJUU7Q==",
      "cpu": [
        "x64"
      ],
      "dev": true,
      "optional": true,
      "os": [
        "win32"
      ]
    },
    "node_modules/@oven/bun-windows-x64-baseline": {
      "version": "1.1.42",
      "resolved": "https://registry.npmjs.org/@oven/bun-windows-x64-baseline/-/bun-windows-x64-baseline-1.1.42.tgz",
      "integrity": "sha512-xnlYa1jKknImCw7xmSD91H8e+w3BC6mIShOfHhFWfNhdyvEtundXhIu7VddwxKBMs5S/iiFJiutnZ2EyLq4CAQ==",
      "cpu": [
        "x64"
      ],
      "dev": true,
      "optional": true,
      "os": [
        "win32"
      ]
    },
    "node_modules/@types/bun": {
      "version": "1.1.6",
      "resolved": "https://registry.npmjs.org/@types/bun/-/bun-1.1.6.tgz",
      "integrity": "sha512-uJgKjTdX0GkWEHZzQzFsJkWp5+43ZS7HC8sZPFnOwnSo1AsNl2q9o2bFeS23disNDqbggEgyFkKCHl/w8iZsMA==",
      "dev": true,
      "dependencies": {
        "bun-types": "1.1.17"
      }
    },
    "node_modules/@types/node": {
      "version": "20.12.14",
      "resolved": "https://registry.npmjs.org/@types/node/-/node-20.12.14.tgz",
      "integrity": "sha512-scnD59RpYD91xngrQQLGkE+6UrHUPzeKZWhhjBSa3HSkwjbQc38+q3RoIVEwxQGRw3M+j5hpNAM+lgV3cVormg==",
      "dev": true,
      "dependencies": {
        "undici-types": "~5.26.4"
      }
    },
    "node_modules/@types/ws": {
      "version": "8.5.10",
      "resolved": "https://registry.npmjs.org/@types/ws/-/ws-8.5.10.tgz",
      "integrity": "sha512-vmQSUcfalpIq0R9q7uTo2lXs6eGIpt9wtnLdMv9LVpIjCA/+ufZRozlVoVelIYixx1ugCBKDhn89vnsEGOCx9A==",
      "dev": true,
      "dependencies": {
        "@types/node": "*"
      }
    },
    "node_modules/bun": {
      "version": "1.1.42",
      "resolved": "https://registry.npmjs.org/bun/-/bun-1.1.42.tgz",
      "integrity": "sha512-PckeNolMEBaBEzixTMvp0jJD9r/9lly8AfctILi1ve14zwwChFjsxI4TJLQO2yezzOjVeG0u7xf8WQFbS7GjAA==",
      "cpu": [
        "arm64",
        "x64",
        "aarch64"
      ],
      "dev": true,
      "hasInstallScript": true,
      "os": [
        "darwin",
        "linux",
        "win32"
      ],
      "bin": {
        "bun": "bin/bun.exe",
        "bunx": "bin/bun.exe"
      },
      "optionalDependencies": {
        "@oven/bun-darwin-aarch64": "1.1.42",
        "@oven/bun-darwin-x64": "1.1.42",
        "@oven/bun-darwin-x64-baseline": "1.1.42",
        "@oven/bun-linux-aarch64": "1.1.42",
        "@oven/bun-linux-aarch64-musl": "1.1.42",
        "@oven/bun-linux-x64": "1.1.42",
        "@oven/bun-linux-x64-baseline": "1.1.42",
        "@oven/bun-linux-x64-musl": "1.1.42",
        "@oven/bun-linux-x64-musl-baseline": "1.1.42",
        "@oven/bun-windows-x64": "1.1.42",
        "@oven/bun-windows-x64-baseline": "1.1.42"
      }
    },
    "node_modules/bun-types": {
      "version": "1.1.17",
      "resolved": "https://registry.npmjs.org/bun-types/-/bun-types-1.1.17.tgz",
      "integrity": "sha512-Z4+OplcSd/YZq7ZsrfD00DKJeCwuNY96a1IDJyR73+cTBaFIS7SC6LhpY/W3AMEXO9iYq5NJ58WAwnwL1p5vKg==",
      "dev": true,
      "dependencies": {
        "@types/node": "~20.12.8",
        "@types/ws": "~8.5.10"
      }
    },
    "node_modules/mini-van-plate": {
      "version": "0.6.1",
      "resolved": "https://registry.npmjs.org/mini-van-plate/-/mini-van-plate-0.6.1.tgz",
      "integrity": "sha512-i4kCD5xzkdtQiVnBSN4xFHru6QGPPWJALAm4IB0IRPawIHUK5J/Zv2bx94Nev1YABKN1zJgwxqvuSygoltrQIg=="
    },
    "node_modules/undici-types": {
      "version": "5.26.5",
      "resolved": "https://registry.npmjs.org/undici-types/-/undici-types-5.26.5.tgz",
      "integrity": "sha512-JlCMO+ehdEIKqlFxk6IfVoAUVmgz7cU7zD/h9XZ0qzeosSHmUJVOzSQvvYSYWXkFXC+IfLKSIffhv0sVZup6pA==",
      "dev": true
    },
    "node_modules/vanjs-core": {
      "version": "1.5.3",
      "resolved": "https://registry.npmjs.org/vanjs-core/-/vanjs-core-1.5.3.tgz",
      "integrity": "sha512-NDt++52tE8rA7rcThaFtIJ7C3pEIuB51giOmE9o5dA9Cw3iv+a0tRIVVYP1PGLItXBbEL0wxDTa2VRjjuKIPlw=="
    }
  }
}
