{
  "name": "vanjs-bun-example-hydration",
  "version": "0.1.0",
  "lockfileVersion": 3,
  "requires": true,
  "packages": {
    "": {
      "name": "vanjs-bun-example-hydration",
      "version": "0.1.0",
      "dependencies": {
        "mini-van-plate": "^0.6.0",
        "vanjs-core": "^1.5.1"
      },
      "devDependencies": {
        "@types/bun": "^1.1.6",
        "bun": "^1.0.0"
      }
    },
    "node_modules/@oven/bun-darwin-aarch64": {
      "version": "1.0.0",
      "resolved": "https://registry.npmjs.org/@oven/bun-darwin-aarch64/-/bun-darwin-aarch64-1.0.0.tgz",
      "integrity": "sha512-aFwqiriquRp2+LOZfLP1sUMRO9ENRGEZuKdhGyd4MeHY9gHZTdPWLqY7ULv91G8jcIrBLGwik6LM28ntuEWodw==",
      "cpu": [
        "arm64"
      ],
      "dev": true,
      "optional": true,
      "os": [
        "darwin"
      ]
    },
    "node_modules/@oven/bun-darwin-x64": {
      "version": "1.0.0",
      "resolved": "https://registry.npmjs.org/@oven/bun-darwin-x64/-/bun-darwin-x64-1.0.0.tgz",
      "integrity": "sha512-DrsSsN94iZPRZmreixDhudoekmDhayd5YF3QEfW8x6orkkHkGhso65AbIn2ZFl0dciuDOV9T7mx2vY03UWwgHA==",
      "cpu": [
        "x64"
      ],
      "dev": true,
      "optional": true,
      "os": [
        "darwin"
      ]
    },
    "node_modules/@oven/bun-darwin-x64-baseline": {
      "version": "1.0.0",
      "resolved": "https://registry.npmjs.org/@oven/bun-darwin-x64-baseline/-/bun-darwin-x64-baseline-1.0.0.tgz",
      "integrity": "sha512-3TzDx34X+PnJJ6vBVhbJ0kNQBC3eeii1RJgHWxuOjLbtP3Jri8KEBoqsbIMGZz7E0hGnr/qzM+WDWf/QcOE3wg==",
      "cpu": [
        "x64"
      ],
      "dev": true,
      "optional": true,
      "os": [
        "darwin"
      ]
    },
    "node_modules/@oven/bun-linux-aarch64": {
      "version": "1.0.0",
      "resolved": "https://registry.npmjs.org/@oven/bun-linux-aarch64/-/bun-linux-aarch64-1.0.0.tgz",
      "integrity": "sha512-sVnmDDenV6yx0ob3r06NI8+QvKYxjwGU8b2WGgz4sDnO5n5yt75vEAWOCyXQcfLFfaLgobsdqVCwUP1zRK/w9g==",
      "cpu": [
        "arm64"
      ],
      "dev": true,
      "optional": true,
      "os": [
        "linux"
      ]
    },
    "node_modules/@oven/bun-linux-x64": {
      "version": "1.0.0",
      "resolved": "https://registry.npmjs.org/@oven/bun-linux-x64/-/bun-linux-x64-1.0.0.tgz",
      "integrity": "sha512-mTSy9cerd2dlNgUDQ8fUVmB8fMyshr0KEEwT6hFsPi0ujaT4TVs7JRxbVftsAEb9/j825t3TxXS2O7NC36Di+Q==",
      "cpu": [
        "x64"
      ],
      "dev": true,
      "optional": true,
      "os": [
        "linux"
      ]
    },
    "node_modules/@oven/bun-linux-x64-baseline": {
      "version": "1.0.0",
      "resolved": "https://registry.npmjs.org/@oven/bun-linux-x64-baseline/-/bun-linux-x64-baseline-1.0.0.tgz",
      "integrity": "sha512-McMbKzIaKbQfEcaVC1RYlLmjtrwDZQrmK2mcPyvefb8FOO8Uexk3VyjuNTSJkmJXgX/rqMHB4jGa8YQHxyHBBQ==",
      "cpu": [
        "x64"
      ],
      "dev": true,
      "optional": true,
      "os": [
        "linux"
      ]
    },
    "node_modules/@types/bun": {
      "version": "1.1.6",
      "resolved": "https://registry.npmjs.org/@types/bun/-/bun-1.1.6.tgz",
      "integrity": "sha512-uJgKjTdX0GkWEHZzQzFsJkWp5+43ZS7HC8sZPFnOwnSo1AsNl2q9o2bFeS23disNDqbggEgyFkKCHl/w8iZsMA==",
      "dev": true,
      "dependencies": {
        "bun-types": "1.1.17"
      }
    },
    "node_modules/@types/node": {
      "version": "20.12.14",
      "resolved": "https://registry.npmjs.org/@types/node/-/node-20.12.14.tgz",
      "integrity": "sha512-scnD59RpYD91xngrQQLGkE+6UrHUPzeKZWhhjBSa3HSkwjbQc38+q3RoIVEwxQGRw3M+j5hpNAM+lgV3cVormg==",
      "dev": true,
      "dependencies": {
        "undici-types": "~5.26.4"
      }
    },
    "node_modules/@types/ws": {
      "version": "8.5.10",
      "resolved": "https://registry.npmjs.org/@types/ws/-/ws-8.5.10.tgz",
      "integrity": "sha512-vmQSUcfalpIq0R9q7uTo2lXs6eGIpt9wtnLdMv9LVpIjCA/+ufZRozlVoVelIYixx1ugCBKDhn89vnsEGOCx9A==",
      "dev": true,
      "dependencies": {
        "@types/node": "*"
      }
    },
    "node_modules/bun": {
      "version": "1.0.0",
      "resolved": "https://registry.npmjs.org/bun/-/bun-1.0.0.tgz",
      "integrity": "sha512-LNqtzM5lg/dHfwORsOEqMNFQUIiYA+txJ8uBUjrgDCHzOPjOzpMQt4ifLEDGj50498WiCXiTdGZfC/BsTa6Pmg==",
      "cpu": [
        "arm64",
        "x64"
      ],
      "dev": true,
      "hasInstallScript": true,
      "os": [
        "darwin",
        "linux"
      ],
      "bin": {
        "bun": "bin/bun",
        "bunx": "bin/bun"
      },
      "optionalDependencies": {
        "@oven/bun-darwin-aarch64": "1.0.0",
        "@oven/bun-darwin-x64": "1.0.0",
        "@oven/bun-darwin-x64-baseline": "1.0.0",
        "@oven/bun-linux-aarch64": "1.0.0",
        "@oven/bun-linux-x64": "1.0.0",
        "@oven/bun-linux-x64-baseline": "1.0.0"
      }
    },
    "node_modules/bun-types": {
      "version": "1.1.17",
      "resolved": "https://registry.npmjs.org/bun-types/-/bun-types-1.1.17.tgz",
      "integrity": "sha512-Z4+OplcSd/YZq7ZsrfD00DKJeCwuNY96a1IDJyR73+cTBaFIS7SC6LhpY/W3AMEXO9iYq5NJ58WAwnwL1p5vKg==",
      "dev": true,
      "dependencies": {
        "@types/node": "~20.12.8",
        "@types/ws": "~8.5.10"
      }
    },
    "node_modules/mini-van-plate": {
      "version": "0.6.0",
      "resolved": "https://registry.npmjs.org/mini-van-plate/-/mini-van-plate-0.6.0.tgz",
      "integrity": "sha512-A3AXRIonZNbLUc8EDVvUs06wQBf8Tv2w+IiefkLODxxdOjg4UH4TiYENtViV3NtIsyhVKn3vpEh1DfrKmoGCXQ=="
    },
    "node_modules/undici-types": {
      "version": "5.26.5",
      "resolved": "https://registry.npmjs.org/undici-types/-/undici-types-5.26.5.tgz",
      "integrity": "sha512-JlCMO+ehdEIKqlFxk6IfVoAUVmgz7cU7zD/h9XZ0qzeosSHmUJVOzSQvvYSYWXkFXC+IfLKSIffhv0sVZup6pA==",
      "dev": true
    },
    "node_modules/vanjs-core": {
      "version": "1.5.1",
      "resolved": "https://registry.npmjs.org/vanjs-core/-/vanjs-core-1.5.1.tgz",
      "integrity": "sha512-KT2XPqlwRdkyr7+pHc9BWOwmA6l7UqWrtt80xM1QkaUujc7Fq4Tgr6RhFo5wFO1u2sV1q7sR2PBKpVEGx4fEdA=="
    }
  }
}
