{
  "name": "vanjs-bun-example-hydration",
  "version": "0.1.0",
  "lockfileVersion": 3,
  "requires": true,
  "packages": {
    "": {
      "name": "vanjs-bun-example-hydration",
      "version": "0.1.0",
      "dependencies": {
        "mini-van-plate": "^0.5.3",
        "vanjs-core": "^1.2.7"
      },
      "devDependencies": {
        "bun": "^1.0.0",
        "bun-types": "^1.0.1"
      }
    },
    "node_modules/@oven/bun-darwin-aarch64": {
      "version": "1.0.0",
      "resolved": "https://registry.npmjs.org/@oven/bun-darwin-aarch64/-/bun-darwin-aarch64-1.0.0.tgz",
      "integrity": "sha512-aFwqiriquRp2+LOZfLP1sUMRO9ENRGEZuKdhGyd4MeHY9gHZTdPWLqY7ULv91G8jcIrBLGwik6LM28ntuEWodw==",
      "cpu": [
        "arm64"
      ],
      "dev": true,
      "optional": true,
      "os": [
        "darwin"
      ]
    },
    "node_modules/@oven/bun-darwin-x64": {
      "version": "1.0.0",
      "resolved": "https://registry.npmjs.org/@oven/bun-darwin-x64/-/bun-darwin-x64-1.0.0.tgz",
      "integrity": "sha512-DrsSsN94iZPRZmreixDhudoekmDhayd5YF3QEfW8x6orkkHkGhso65AbIn2ZFl0dciuDOV9T7mx2vY03UWwgHA==",
      "cpu": [
        "x64"
      ],
      "dev": true,
      "optional": true,
      "os": [
        "darwin"
      ]
    },
    "node_modules/@oven/bun-darwin-x64-baseline": {
      "version": "1.0.0",
      "resolved": "https://registry.npmjs.org/@oven/bun-darwin-x64-baseline/-/bun-darwin-x64-baseline-1.0.0.tgz",
      "integrity": "sha512-3TzDx34X+PnJJ6vBVhbJ0kNQBC3eeii1RJgHWxuOjLbtP3Jri8KEBoqsbIMGZz7E0hGnr/qzM+WDWf/QcOE3wg==",
      "cpu": [
        "x64"
      ],
      "dev": true,
      "optional": true,
      "os": [
        "darwin"
      ]
    },
    "node_modules/@oven/bun-linux-aarch64": {
      "version": "1.0.0",
      "resolved": "https://registry.npmjs.org/@oven/bun-linux-aarch64/-/bun-linux-aarch64-1.0.0.tgz",
      "integrity": "sha512-sVnmDDenV6yx0ob3r06NI8+QvKYxjwGU8b2WGgz4sDnO5n5yt75vEAWOCyXQcfLFfaLgobsdqVCwUP1zRK/w9g==",
      "cpu": [
        "arm64"
      ],
      "dev": true,
      "optional": true,
      "os": [
        "linux"
      ]
    },
    "node_modules/@oven/bun-linux-x64": {
      "version": "1.0.0",
      "resolved": "https://registry.npmjs.org/@oven/bun-linux-x64/-/bun-linux-x64-1.0.0.tgz",
      "integrity": "sha512-mTSy9cerd2dlNgUDQ8fUVmB8fMyshr0KEEwT6hFsPi0ujaT4TVs7JRxbVftsAEb9/j825t3TxXS2O7NC36Di+Q==",
      "cpu": [
        "x64"
      ],
      "dev": true,
      "optional": true,
      "os": [
        "linux"
      ]
    },
    "node_modules/@oven/bun-linux-x64-baseline": {
      "version": "1.0.0",
      "resolved": "https://registry.npmjs.org/@oven/bun-linux-x64-baseline/-/bun-linux-x64-baseline-1.0.0.tgz",
      "integrity": "sha512-McMbKzIaKbQfEcaVC1RYlLmjtrwDZQrmK2mcPyvefb8FOO8Uexk3VyjuNTSJkmJXgX/rqMHB4jGa8YQHxyHBBQ==",
      "cpu": [
        "x64"
      ],
      "dev": true,
      "optional": true,
      "os": [
        "linux"
      ]
    },
    "node_modules/bun": {
      "version": "1.0.0",
      "resolved": "https://registry.npmjs.org/bun/-/bun-1.0.0.tgz",
      "integrity": "sha512-LNqtzM5lg/dHfwORsOEqMNFQUIiYA+txJ8uBUjrgDCHzOPjOzpMQt4ifLEDGj50498WiCXiTdGZfC/BsTa6Pmg==",
      "cpu": [
        "arm64",
        "x64"
      ],
      "dev": true,
      "hasInstallScript": true,
      "os": [
        "darwin",
        "linux"
      ],
      "bin": {
        "bun": "bin/bun",
        "bunx": "bin/bun"
      },
      "optionalDependencies": {
        "@oven/bun-darwin-aarch64": "1.0.0",
        "@oven/bun-darwin-x64": "1.0.0",
        "@oven/bun-darwin-x64-baseline": "1.0.0",
        "@oven/bun-linux-aarch64": "1.0.0",
        "@oven/bun-linux-x64": "1.0.0",
        "@oven/bun-linux-x64-baseline": "1.0.0"
      }
    },
    "node_modules/bun-types": {
      "version": "1.0.1",
      "resolved": "https://registry.npmjs.org/bun-types/-/bun-types-1.0.1.tgz",
      "integrity": "sha512-7NrXqhMIaNKmWn2dSWEQ50znMZqrN/5Z0NBMXvQTRu/+Y1CvoXRznFy0pnqLe024CeZgVdXoEpARNO1JZLAPGw==",
      "dev": true
    },
    "node_modules/mini-van-plate": {
      "version": "0.5.3",
      "resolved": "https://registry.npmjs.org/mini-van-plate/-/mini-van-plate-0.5.3.tgz",
      "integrity": "sha512-l6iAE38kJZoLA7J4RecTU7g0g9hmepKaR2gAHqkSRrl8kRF+un+FQmsKDF/DboSGE1vi85msKGGEpNpCz+17uA=="
    },
    "node_modules/vanjs-core": {
      "version": "1.2.7",
      "resolved": "https://registry.npmjs.org/vanjs-core/-/vanjs-core-1.2.7.tgz",
      "integrity": "sha512-NXZg+kf4OmhTTuTnBiCT6uRqeJiKmKSZLWxvGFmBl8Ho648J+GJZJAHB4cu40rcwJDJEH3Xwe8JjquMpa9zxEQ=="
    }
  }
}
