# THIS IS AN AUTOGENERATED FILE. DO NOT EDIT THIS FILE DIRECTLY.
# yarn lockfile v1
# bun ./bun.lockb --hash: 88B3CD8A6F5313E8-48bc21fbe20b2219-90A9D59671985D7A-92c2197a12e50a3e


"@oven/bun-darwin-aarch64@1.0.2":
  version "1.0.2"
  resolved "https://registry.npmjs.org/@oven/bun-darwin-aarch64/-/bun-darwin-aarch64-1.0.2.tgz"
  integrity sha512-zuhgD8ZaiMGtr4W8KTUCKECuuyFhRoY48qwjoHWJPp5icL+oTKfiU/DxhxZzXc/b0vihKM/LX/BdlNTYRxCB/A==

"@oven/bun-darwin-x64@1.0.2":
  version "1.0.2"
  resolved "https://registry.npmjs.org/@oven/bun-darwin-x64/-/bun-darwin-x64-1.0.2.tgz"
  integrity sha512-6oideJEl0BsXirWay1eNRf5gHIR3eTZnN8lAvrBXv46heRK+VLP8WACxdYb8f5Z7HsWYr59QivdHV6165MTMFw==

"@oven/bun-darwin-x64-baseline@1.0.2":
  version "1.0.2"
  resolved "https://registry.npmjs.org/@oven/bun-darwin-x64-baseline/-/bun-darwin-x64-baseline-1.0.2.tgz"
  integrity sha512-+yrg+ECiwXJsnaIj1eeBVJooNK8pUD7uI+wbWZypaeY4k+Q48YDT2er40AiMbpfQE3bTjQhcrMrD0qOaghyZvw==

"@oven/bun-linux-aarch64@1.0.2":
  version "1.0.2"
  resolved "https://registry.npmjs.org/@oven/bun-linux-aarch64/-/bun-linux-aarch64-1.0.2.tgz"
  integrity sha512-gVOwBHjOB+ucM3gOCsorRxt6U42QUJTDFkWGqQZmzPu2HL02d5t2tfr4/HpEzUXSrY5tJV0HRd/iWaXIA5a+mQ==

"@oven/bun-linux-x64@1.0.2":
  version "1.0.2"
  resolved "https://registry.npmjs.org/@oven/bun-linux-x64/-/bun-linux-x64-1.0.2.tgz"
  integrity sha512-sBOMGfyO1A6oSpYkv++WaNB2IcA2J9Z4dttfeo6ArrHYrCBLguDKhm3mKrqA6EdYmqX14ub2Ox2yXeWT5v0QiQ==

"@oven/bun-linux-x64-baseline@1.0.2":
  version "1.0.2"
  resolved "https://registry.npmjs.org/@oven/bun-linux-x64-baseline/-/bun-linux-x64-baseline-1.0.2.tgz"
  integrity sha512-BQER9BlUPieDnNJEC1bLOod7UR153Q0bGARjto7EuUrXlwB2HXsoVSwU8AYiAQBhCxNBxv6UcGaqH58DbX5Dog==

bun@^1.0.0:
  version "1.0.2"
  resolved "https://registry.npmjs.org/bun/-/bun-1.0.2.tgz"
  integrity sha512-CkVsc5kMaiV2HCuEBkAZ4mOFBL/C8k7Ui4XnvwP8AAPWCkFXx40OQ5GOHw8qbOZr2+Vzux2vO9JptJPQpA41iA==
  optionalDependencies:
    "@oven/bun-darwin-aarch64" "1.0.2"
    "@oven/bun-darwin-x64" "1.0.2"
    "@oven/bun-darwin-x64-baseline" "1.0.2"
    "@oven/bun-linux-aarch64" "1.0.2"
    "@oven/bun-linux-x64" "1.0.2"
    "@oven/bun-linux-x64-baseline" "1.0.2"

bun-types@^1.0.1:
  version "1.0.2"
  resolved "https://registry.npmjs.org/bun-types/-/bun-types-1.0.2.tgz"
  integrity sha512-yqBp2SX9cqr5/GReb56uCfM+YP+Hntx3XPjbqX1VJXqOBu+Yqw8iWRFLKFIsz9uEfykLgflhramQ8a5Jgo+Tlg==

mini-van-plate@^0.4.2:
  version "0.4.2"
  resolved "https://registry.npmjs.org/mini-van-plate/-/mini-van-plate-0.4.2.tgz"
  integrity sha512-QVEbKJ2JUNWL379IOgmVCInPcxvWOsaZSiyJyu9Oa/FwMb4/kJdp66//b6OVPKeFUj8LgeeJc9fno2kQmXE1lQ==

vanjs-core@^1.2.1:
  version "1.2.1"
  resolved "https://registry.npmjs.org/vanjs-core/-/vanjs-core-1.2.1.tgz"
  integrity sha512-YzCu96dEAqBhZtCnU2gXOh+DRriS1G/+GSTUOkg0EIM+5lluxF88Yx8KnbljWtxUyhjIJHGRnTNS0+QbVF7Fhg==
