{
  "name": "vanjs-graph",
  "version": "0.1.0",
  "lockfileVersion": 3,
  "requires": true,
  "packages": {
    "": {
      "name": "vanjs-graph",
      "version": "0.1.0",
      "license": "MIT",
      "dependencies": {
        "@viz-js/viz": "^3.8.0",
        "vanjs-core": "^1.5.2"
      },
      "devDependencies": {
        "typescript": "^5.5.4"
      }
    },
    "node_modules/@viz-js/viz": {
      "version": "3.8.0",
      "resolved": "https://registry.npmjs.org/@viz-js/viz/-/viz-3.8.0.tgz",
      "integrity": "sha512-xbqbRanQCG06yfpnv2hsgX43G26q0JCSjcYSpvmUlx1VRCzA0ngi7zsPn0jW9K2ITchpjQiC1tyO6+zFgS/IyA=="
    },
    "node_modules/typescript": {
      "version": "5.5.4",
      "resolved": "https://registry.npmjs.org/typescript/-/typescript-5.5.4.tgz",
      "integrity": "sha512-Mtq29sKDAEYP7aljRgtPOpTvOfbwRWlS6dPRzwjdE+C0R4brX/GUyhHSecbHMFLNBLcJIPt9nl9yG5TZ1weH+Q==",
      "dev": true,
      "bin": {
        "tsc": "bin/tsc",
        "tsserver": "bin/tsserver"
      },
      "engines": {
        "node": ">=14.17"
      }
    },
    "node_modules/vanjs-core": {
      "version": "1.5.2",
      "resolved": "https://registry.npmjs.org/vanjs-core/-/vanjs-core-1.5.2.tgz",
      "integrity": "sha512-z9MHAzxYbNFJ6MYP+4j9l9KMxDU3ryI65JjIfUbGQwF1paLfiuqtIiq9Ve1UGKLd774Z7mtdWzd+/FR785dKjQ=="
    }
  }
}
