{
  "name": "vanjs-ui",
  "version": "0.1.0",
  "lockfileVersion": 3,
  "requires": true,
  "packages": {
    "": {
      "name": "vanjs-ui",
      "version": "0.1.0",
      "license": "MIT",
      "dependencies": {
        "vanjs-core": "^1.0.1"
      },
      "devDependencies": {
        "typescript": "^5.1.6"
      }
    },
    "node_modules/typescript": {
      "version": "5.1.6",
      "resolved": "https://registry.npmjs.org/typescript/-/typescript-5.1.6.tgz",
      "integrity": "sha512-zaWCozRZ6DLEWAWFrVDz1H6FVXzUSfTy5FUMWsQlU8Ym5JP9eO4xkTIROFCQvhQf61z6O/G6ugw3SgAnvvm+HA==",
      "dev": true,
      "bin": {
        "tsc": "bin/tsc",
        "tsserver": "bin/tsserver"
      },
      "engines": {
        "node": ">=14.17"
      }
    },
    "node_modules/vanjs-core": {
      "version": "1.0.1",
      "resolved": "https://registry.npmjs.org/vanjs-core/-/vanjs-core-1.0.1.tgz",
      "integrity": "sha512-zhM+trVGTTb3cfepwb+MKLMFzy78+ElRFOV/n4vzi2B1FqT0UfMoUFp1wo4pZ8yEQ4TAZHMA6npmd9fIC5ya1g=="
    }
  }
}
