{
  "name": "vanjs-prerender",
  "version": "0.1.0",
  "lockfileVersion": 3,
  "requires": true,
  "packages": {
    "": {
      "name": "vanjs-prerender",
      "version": "0.1.0",
      "license": "MIT",
      "devDependencies": {
        "vanjs-core": "^1.5.5"
      },
      "peerDependencies": {
        "vanjs-core": "^1.5.5"
      }
    },
    "node_modules/vanjs-core": {
      "version": "1.5.5",
      "resolved": "https://registry.npmjs.org/vanjs-core/-/vanjs-core-1.5.5.tgz",
      "integrity": "sha512-BC9MjbXYIRqnwncXfacT6upJpVmIKyrV2MjZi8NuCK+yc9RP0hfdghTpmEuYswXOfkLarDPPcYK4X6q68T9e+g==",
      "dev": true,
      "license": "MIT"
    }
  }
}
