{
  "name": "van-cone",
  "version": "0.0.3",
  "lockfileVersion": 3,
  "requires": true,
  "packages": {
    "": {
      "name": "van-cone",
      "version": "0.0.3",
      "license": "MIT",
      "peerDependencies": {
        "vanjs-core": "^1.2.1"
      }
    },
    "node_modules/vanjs-core": {
      "version": "1.2.6",
      "resolved": "https://registry.npmjs.org/vanjs-core/-/vanjs-core-1.2.6.tgz",
      "integrity": "sha512-VJ1bxi44ZaZXxGvEg2uFkUeTe/trF0p9rUYk4bUmSH39HXwjOzCzrQA68yhrJ4wUzpRQc3Clk429kzDXaeN5kw==",
      "peer": true
    }
  }
}
